[[package]]
category = "main"
description = "Fast, Extensible Progress Meter"
name = "tqdm"
optional = false
python-versions = ">=2.6, !=3.0.*, !=3.1.*"
version = "4.46.1"

[metadata]
content-hash = "4180a1ed769d4cfdf30a9c872648341430eb99934d5bbf801b92e1375fbfc301"
python-versions = "^3.8"

[metadata.hashes]
tqdm = ["07c06493f1403c1380b630ae3dcbe5ae62abcf369a93bbc052502279f189ab8c", "cd140979c2bebd2311dfb14781d8f19bd5a9debb92dcab9f6ef899c987fcf71f"]
